// !$*UTF8*$!
{
	archiveVersion = 1;
	classes = {
	};
	objectVersion = 46;
	objects = {

/* Begin PBXBuildFile section */
		BAEA736F1D0F1DA6002D4564 /* AppDelegate.swift in Sources */ = {isa = PBXBuildFile; fileRef = BAEA736E1D0F1DA6002D4564 /* AppDelegate.swift */; };
		BAEA73711D0F1DA6002D4564 /* ViewController.swift in Sources */ = {isa = PBXBuildFile; fileRef = BAEA73701D0F1DA6002D4564 /* ViewController.swift */; };
		BAEA73741D0F1DA6002D4564 /* Main.storyboard in Resources */ = {isa = PBXBuildFile; fileRef = BAEA73721D0F1DA6002D4564 /* Main.storyboard */; };
		BAEA73761D0F1DA6002D4564 /* Assets.xcassets in Resources */ = {isa = PBXBuildFile; fileRef = BAEA73751D0F1DA6002D4564 /* Assets.xcassets */; };
		BAEA73791D0F1DA6002D4564 /* LaunchScreen.storyboard in Resources */ = {isa = PBXBuildFile; fileRef = BAEA73771D0F1DA6002D4564 /* LaunchScreen.storyboard */; };
		BAEA73841D0F1DA6002D4564 /* LeanCafeTimerTests.swift in Sources */ = {isa = PBXBuildFile; fileRef = BAEA73831D0F1DA6002D4564 /* LeanCafeTimerTests.swift */; };
		BAEA738F1D0F1DA6002D4564 /* LeanCafeTimerUITests.swift in Sources */ = {isa = PBXBuildFile; fileRef = BAEA738E1D0F1DA6002D4564 /* LeanCafeTimerUITests.swift */; };
/* End PBXBuildFile section */

/* Begin PBXContainerItemProxy section */
		BAEA73801D0F1DA6002D4564 /* PBXContainerItemProxy */ = {
			isa = PBXContainerItemProxy;
			containerPortal = BAEA73631D0F1DA6002D4564 /* Project object */;
			proxyType = 1;
			remoteGlobalIDString = BAEA736A1D0F1DA6002D4564;
			remoteInfo = LeanCafeTimer;
		};
		BAEA738B1D0F1DA6002D4564 /* PBXContainerItemProxy */ = {
			isa = PBXContainerItemProxy;
			containerPortal = BAEA73631D0F1DA6002D4564 /* Project object */;
			proxyType = 1;
			remoteGlobalIDString = BAEA736A1D0F1DA6002D4564;
			remoteInfo = LeanCafeTimer;
		};
/* End PBXContainerItemProxy section */

/* Begin PBXFileReference section */
		BAEA736B1D0F1DA6002D4564 /* LeanCafeTimer.app */ = {isa = PBXFileReference; explicitFileType = wrapper.application; includeInIndex = 0; path = LeanCafeTimer.app; sourceTree = BUILT_PRODUCTS_DIR; };
		BAEA736E1D0F1DA6002D4564 /* AppDelegate.swift */ = {isa = PBXFileReference; lastKnownFileType = sourcecode.swift; path = AppDelegate.swift; sourceTree = "<group>"; };
		BAEA73701D0F1DA6002D4564 /* ViewController.swift */ = {isa = PBXFileReference; lastKnownFileType = sourcecode.swift; path = ViewController.swift; sourceTree = "<group>"; };
		BAEA73731D0F1DA6002D4564 /* Base */ = {isa = PBXFileReference; lastKnownFileType = file.storyboard; name = Base; path = Base.lproj/Main.storyboard; sourceTree = "<group>"; };
		BAEA73751D0F1DA6002D4564 /* Assets.xcassets */ = {isa = PBXFileReference; lastKnownFileType = folder.assetcatalog; path = Assets.xcassets; sourceTree = "<group>"; };
		BAEA73781D0F1DA6002D4564 /* Base */ = {isa = PBXFileReference; lastKnownFileType = file.storyboard; name = Base; path = Base.lproj/LaunchScreen.storyboard; sourceTree = "<group>"; };
		BAEA737A1D0F1DA6002D4564 /* Info.plist */ = {isa = PBXFileReference; lastKnownFileType = text.plist.xml; path = Info.plist; sourceTree = "<group>"; };
		BAEA737F1D0F1DA6002D4564 /* LeanCafeTimerTests.xctest */ = {isa = PBXFileReference; explicitFileType = wrapper.cfbundle; includeInIndex = 0; path = LeanCafeTimerTests.xctest; sourceTree = BUILT_PRODUCTS_DIR; };
		BAEA73831D0F1DA6002D4564 /* LeanCafeTimerTests.swift */ = {isa = PBXFileReference; lastKnownFileType = sourcecode.swift; path = LeanCafeTimerTests.swift; sourceTree = "<group>"; };
		BAEA73851D0F1DA6002D4564 /* Info.plist */ = {isa = PBXFileReference; lastKnownFileType = text.plist.xml; path = Info.plist; sourceTree = "<group>"; };
		BAEA738A1D0F1DA6002D4564 /* LeanCafeTimerUITests.xctest */ = {isa = PBXFileReference; explicitFileType = wrapper.cfbundle; includeInIndex = 0; path = LeanCafeTimerUITests.xctest; sourceTree = BUILT_PRODUCTS_DIR; };
		BAEA738E1D0F1DA6002D4564 /* LeanCafeTimerUITests.swift */ = {isa = PBXFileReference; lastKnownFileType = sourcecode.swift; path = LeanCafeTimerUITests.swift; sourceTree = "<group>"; };
		BAEA73901D0F1DA6002D4564 /* Info.plist */ = {isa = PBXFileReference; lastKnownFileType = text.plist.xml; path = Info.plist; sourceTree = "<group>"; };
/* End PBXFileReference section */

/* Begin PBXFrameworksBuildPhase section */
		BAEA73681D0F1DA6002D4564 /* Frameworks */ = {
			isa = PBXFrameworksBuildPhase;
			buildActionMask = 2147483647;
			files = (
			);
			runOnlyForDeploymentPostprocessing = 0;
		};
		BAEA737C1D0F1DA6002D4564 /* Frameworks */ = {
			isa = PBXFrameworksBuildPhase;
			buildActionMask = 2147483647;
			files = (
			);
			runOnlyForDeploymentPostprocessing = 0;
		};
		BAEA73871D0F1DA6002D4564 /* Frameworks */ = {
			isa = PBXFrameworksBuildPhase;
			buildActionMask = 2147483647;
			files = (
			);
			runOnlyForDeploymentPostprocessing = 0;
		};
/* End PBXFrameworksBuildPhase section */

/* Begin PBXGroup section */
		BAEA73621D0F1DA6002D4564 = {
			isa = PBXGroup;
			children = (
				BAEA736D1D0F1DA6002D4564 /* LeanCafeTimer */,
				BAEA73821D0F1DA6002D4564 /* LeanCafeTimerTests */,
				BAEA738D1D0F1DA6002D4564 /* LeanCafeTimerUITests */,
				BAEA736C1D0F1DA6002D4564 /* Products */,
			);
			sourceTree = "<group>";
		};
		BAEA736C1D0F1DA6002D4564 /* Products */ = {
			isa = PBXGroup;
			children = (
				BAEA736B1D0F1DA6002D4564 /* LeanCafeTimer.app */,
				BAEA737F1D0F1DA6002D4564 /* LeanCafeTimerTests.xctest */,
				BAEA738A1D0F1DA6002D4564 /* LeanCafeTimerUITests.xctest */,
			);
			name = Products;
			sourceTree = "<group>";
		};
		BAEA736D1D0F1DA6002D4564 /* LeanCafeTimer */ = {
			isa = PBXGroup;
			children = (
				BAEA736E1D0F1DA6002D4564 /* AppDelegate.swift */,
				BAEA73701D0F1DA6002D4564 /* ViewController.swift */,
				BAEA73721D0F1DA6002D4564 /* Main.storyboard */,
				BAEA73751D0F1DA6002D4564 /* Assets.xcassets */,
				BAEA73771D0F1DA6002D4564 /* LaunchScreen.storyboard */,
				BAEA737A1D0F1DA6002D4564 /* Info.plist */,
			);
			path = LeanCafeTimer;
			sourceTree = "<group>";
		};
		BAEA73821D0F1DA6002D4564 /* LeanCafeTimerTests */ = {
			isa = PBXGroup;
			children = (
				BAEA73831D0F1DA6002D4564 /* LeanCafeTimerTests.swift */,
				BAEA73851D0F1DA6002D4564 /* Info.plist */,
			);
			path = LeanCafeTimerTests;
			sourceTree = "<group>";
		};
		BAEA738D1D0F1DA6002D4564 /* LeanCafeTimerUITests */ = {
			isa = PBXGroup;
			children = (
				BAEA738E1D0F1DA6002D4564 /* LeanCafeTimerUITests.swift */,
				BAEA73901D0F1DA6002D4564 /* Info.plist */,
			);
			path = LeanCafeTimerUITests;
			sourceTree = "<group>";
		};
/* End PBXGroup section */

/* Begin PBXNativeTarget section */
		BAEA736A1D0F1DA6002D4564 /* LeanCafeTimer */ = {
			isa = PBXNativeTarget;
			buildConfigurationList = BAEA73931D0F1DA6002D4564 /* Build configuration list for PBXNativeTarget "LeanCafeTimer" */;
			buildPhases = (
				BAEA73671D0F1DA6002D4564 /* Sources */,
				BAEA73681D0F1DA6002D4564 /* Frameworks */,
				BAEA73691D0F1DA6002D4564 /* Resources */,
			);
			buildRules = (
			);
			dependencies = (
			);
			name = LeanCafeTimer;
			productName = LeanCafeTimer;
			productReference = BAEA736B1D0F1DA6002D4564 /* LeanCafeTimer.app */;
			productType = "com.apple.product-type.application";
		};
		BAEA737E1D0F1DA6002D4564 /* LeanCafeTimerTests */ = {
			isa = PBXNativeTarget;
			buildConfigurationList = BAEA73961D0F1DA6002D4564 /* Build configuration list for PBXNativeTarget "LeanCafeTimerTests" */;
			buildPhases = (
				BAEA737B1D0F1DA6002D4564 /* Sources */,
				BAEA737C1D0F1DA6002D4564 /* Frameworks */,
				BAEA737D1D0F1DA6002D4564 /* Resources */,
			);
			buildRules = (
			);
			dependencies = (
				BAEA73811D0F1DA6002D4564 /* PBXTargetDependency */,
			);
			name = LeanCafeTimerTests;
			productName = LeanCafeTimerTests;
			productReference = BAEA737F1D0F1DA6002D4564 /* LeanCafeTimerTests.xctest */;
			productType = "com.apple.product-type.bundle.unit-test";
		};
		BAEA73891D0F1DA6002D4564 /* LeanCafeTimerUITests */ = {
			isa = PBXNativeTarget;
			buildConfigurationList = BAEA73991D0F1DA6002D4564 /* Build configuration list for PBXNativeTarget "LeanCafeTimerUITests" */;
			buildPhases = (
				BAEA73861D0F1DA6002D4564 /* Sources */,
				BAEA73871D0F1DA6002D4564 /* Frameworks */,
				BAEA73881D0F1DA6002D4564 /* Resources */,
			);
			buildRules = (
			);
			dependencies = (
				BAEA738C1D0F1DA6002D4564 /* PBXTargetDependency */,
			);
			name = LeanCafeTimerUITests;
			productName = LeanCafeTimerUITests;
			productReference = BAEA738A1D0F1DA6002D4564 /* LeanCafeTimerUITests.xctest */;
			productType = "com.apple.product-type.bundle.ui-testing";
		};
/* End PBXNativeTarget section */

/* Begin PBXProject section */
		BAEA73631D0F1DA6002D4564 /* Project object */ = {
			isa = PBXProject;
			attributes = {
				LastSwiftUpdateCheck = 0730;
				LastUpgradeCheck = 0730;
				ORGANIZATIONNAME = TJC;
				TargetAttributes = {
					BAEA736A1D0F1DA6002D4564 = {
						CreatedOnToolsVersion = 7.3.1;
						DevelopmentTeam = S66V9VG434;
					};
					BAEA737E1D0F1DA6002D4564 = {
						CreatedOnToolsVersion = 7.3.1;
						TestTargetID = BAEA736A1D0F1DA6002D4564;
					};
					BAEA73891D0F1DA6002D4564 = {
						CreatedOnToolsVersion = 7.3.1;
						TestTargetID = BAEA736A1D0F1DA6002D4564;
					};
				};
			};
			buildConfigurationList = BAEA73661D0F1DA6002D4564 /* Build configuration list for PBXProject "LeanCafeTimer" */;
			compatibilityVersion = "Xcode 3.2";
			developmentRegion = English;
			hasScannedForEncodings = 0;
			knownRegions = (
				en,
				Base,
			);
			mainGroup = BAEA73621D0F1DA6002D4564;
			productRefGroup = BAEA736C1D0F1DA6002D4564 /* Products */;
			projectDirPath = "";
			projectRoot = "";
			targets = (
				BAEA736A1D0F1DA6002D4564 /* LeanCafeTimer */,
				BAEA737E1D0F1DA6002D4564 /* LeanCafeTimerTests */,
				BAEA73891D0F1DA6002D4564 /* LeanCafeTimerUITests */,
			);
		};
/* End PBXProject section */

/* Begin PBXResourcesBuildPhase section */
		BAEA73691D0F1DA6002D4564 /* Resources */ = {
			isa = PBXResourcesBuildPhase;
			buildActionMask = 2147483647;
			files = (
				BAEA73791D0F1DA6002D4564 /* LaunchScreen.storyboard in Resources */,
				BAEA73761D0F1DA6002D4564 /* Assets.xcassets in Resources */,
				BAEA73741D0F1DA6002D4564 /* Main.storyboard in Resources */,
			);
			runOnlyForDeploymentPostprocessing = 0;
		};
		BAEA737D1D0F1DA6002D4564 /* Resources */ = {
			isa = PBXResourcesBuildPhase;
			buildActionMask = 2147483647;
			files = (
			);
			runOnlyForDeploymentPostprocessing = 0;
		};
		BAEA73881D0F1DA6002D4564 /* Resources */ = {
			isa = PBXResourcesBuildPhase;
			buildActionMask = 2147483647;
			files = (
			);
			runOnlyForDeploymentPostprocessing = 0;
		};
/* End PBXResourcesBuildPhase section */

/* Begin PBXSourcesBuildPhase section */
		BAEA73671D0F1DA6002D4564 /* Sources */ = {
			isa = PBXSourcesBuildPhase;
			buildActionMask = 2147483647;
			files = (
				BAEA73711D0F1DA6002D4564 /* ViewController.swift in Sources */,
				BAEA736F1D0F1DA6002D4564 /* AppDelegate.swift in Sources */,
			);
			runOnlyForDeploymentPostprocessing = 0;
		};
		BAEA737B1D0F1DA6002D4564 /* Sources */ = {
			isa = PBXSourcesBuildPhase;
			buildActionMask = 2147483647;
			files = (
				BAEA73841D0F1DA6002D4564 /* LeanCafeTimerTests.swift in Sources */,
			);
			runOnlyForDeploymentPostprocessing = 0;
		};
		BAEA73861D0F1DA6002D4564 /* Sources */ = {
			isa = PBXSourcesBuildPhase;
			buildActionMask = 2147483647;
			files = (
				BAEA738F1D0F1DA6002D4564 /* LeanCafeTimerUITests.swift in Sources */,
			);
			runOnlyForDeploymentPostprocessing = 0;
		};
/* End PBXSourcesBuildPhase section */

/* Begin PBXTargetDependency section */
		BAEA73811D0F1DA6002D4564 /* PBXTargetDependency */ = {
			isa = PBXTargetDependency;
			target = BAEA736A1D0F1DA6002D4564 /* LeanCafeTimer */;
			targetProxy = BAEA73801D0F1DA6002D4564 /* PBXContainerItemProxy */;
		};
		BAEA738C1D0F1DA6002D4564 /* PBXTargetDependency */ = {
			isa = PBXTargetDependency;
			target = BAEA736A1D0F1DA6002D4564 /* LeanCafeTimer */;
			targetProxy = BAEA738B1D0F1DA6002D4564 /* PBXContainerItemProxy */;
		};
/* End PBXTargetDependency section */

/* Begin PBXVariantGroup section */
		BAEA73721D0F1DA6002D4564 /* Main.storyboard */ = {
			isa = PBXVariantGroup;
			children = (
				BAEA73731D0F1DA6002D4564 /* Base */,
			);
			name = Main.storyboard;
			sourceTree = "<group>";
		};
		BAEA73771D0F1DA6002D4564 /* LaunchScreen.storyboard */ = {
			isa = PBXVariantGroup;
			children = (
				BAEA73781D0F1DA6002D4564 /* Base */,
			);
			name = LaunchScreen.storyboard;
			sourceTree = "<group>";
		};
/* End PBXVariantGroup section */

/* Begin XCBuildConfiguration section */
		BAEA73911D0F1DA6002D4564 /* Debug */ = {
			isa = XCBuildConfiguration;
			buildSettings = {
				ALWAYS_SEARCH_USER_PATHS = NO;
				CLANG_ANALYZER_NONNULL = YES;
				CLANG_CXX_LANGUAGE_STANDARD = "gnu++0x";
				CLANG_CXX_LIBRARY = "libc++";
				CLANG_ENABLE_MODULES = YES;
				CLANG_ENABLE_OBJC_ARC = YES;
				CLANG_WARN_BOOL_CONVERSION = YES;
				CLANG_WARN_CONSTANT_CONVERSION = YES;
				CLANG_WARN_DIRECT_OBJC_ISA_USAGE = YES_ERROR;
				CLANG_WARN_EMPTY_BODY = YES;
				CLANG_WARN_ENUM_CONVERSION = YES;
				CLANG_WARN_INT_CONVERSION = YES;
				CLANG_WARN_OBJC_ROOT_CLASS = YES_ERROR;
				CLANG_WARN_UNREACHABLE_CODE = YES;
				CLANG_WARN__DUPLICATE_METHOD_MATCH = YES;
				"CODE_SIGN_IDENTITY[sdk=iphoneos*]" = "iPhone Developer";
				COPY_PHASE_STRIP = NO;
				DEBUG_INFORMATION_FORMAT = dwarf;
				ENABLE_STRICT_OBJC_MSGSEND = YES;
				ENABLE_TESTABILITY = YES;
				GCC_C_LANGUAGE_STANDARD = gnu99;
				GCC_DYNAMIC_NO_PIC = NO;
				GCC_NO_COMMON_BLOCKS = YES;
				GCC_OPTIMIZATION_LEVEL = 0;
				GCC_PREPROCESSOR_DEFINITIONS = (
					"DEBUG=1",
					"$(inherited)",
				);
				GCC_WARN_64_TO_32_BIT_CONVERSION = YES;
				GCC_WARN_ABOUT_RETURN_TYPE = YES_ERROR;
				GCC_WARN_UNDECLARED_SELECTOR = YES;
				GCC_WARN_UNINITIALIZED_AUTOS = YES_AGGRESSIVE;
				GCC_WARN_UNUSED_FUNCTION = YES;
				GCC_WARN_UNUSED_VARIABLE = YES;
				IPHONEOS_DEPLOYMENT_TARGET = 9.3;
				MTL_ENABLE_DEBUG_INFO = YES;
				ONLY_ACTIVE_ARCH = YES;
				SDKROOT = iphoneos;
				SWIFT_OPTIMIZATION_LEVEL = "-Onone";
			};
			name = Debug;
		};
		BAEA73921D0F1DA6002D4564 /* Release */ = {
			isa = XCBuildConfiguration;
			buildSettings = {
				ALWAYS_SEARCH_USER_PATHS = NO;
				CLANG_ANALYZER_NONNULL = YES;
				CLANG_CXX_LANGUAGE_STANDARD = "gnu++0x";
				CLANG_CXX_LIBRARY = "libc++";
				CLANG_ENABLE_MODULES = YES;
				CLANG_ENABLE_OBJC_ARC = YES;
				CLANG_WARN_BOOL_CONVERSION = YES;
				CLANG_WARN_CONSTANT_CONVERSION = YES;
				CLANG_WARN_DIRECT_OBJC_ISA_USAGE = YES_ERROR;
				CLANG_WARN_EMPTY_BODY = YES;
				CLANG_WARN_ENUM_CONVERSION = YES;
				CLANG_WARN_INT_CONVERSION = YES;
				CLANG_WARN_OBJC_ROOT_CLASS = YES_ERROR;
				CLANG_WARN_UNREACHABLE_CODE = YES;
				CLANG_WARN__DUPLICATE_METHOD_MATCH = YES;
				"CODE_SIGN_IDENTITY[sdk=iphoneos*]" = "iPhone Developer";
				COPY_PHASE_STRIP = NO;
				DEBUG_INFORMATION_FORMAT = "dwarf-with-dsym";
				ENABLE_NS_ASSERTIONS = NO;
				ENABLE_STRICT_OBJC_MSGSEND = YES;
				GCC_C_LANGUAGE_STANDARD = gnu99;
				GCC_NO_COMMON_BLOCKS = YES;
				GCC_WARN_64_TO_32_BIT_CONVERSION = YES;
				GCC_WARN_ABOUT_RETURN_TYPE = YES_ERROR;
				GCC_WARN_UNDECLARED_SELECTOR = YES;
				GCC_WARN_UNINITIALIZED_AUTOS = YES_AGGRESSIVE;
				GCC_WARN_UNUSED_FUNCTION = YES;
				GCC_WARN_UNUSED_VARIABLE = YES;
				IPHONEOS_DEPLOYMENT_TARGET = 9.3;
				MTL_ENABLE_DEBUG_INFO = NO;
				SDKROOT = iphoneos;
				VALIDATE_PRODUCT = YES;
			};
			name = Release;
		};
		BAEA73941D0F1DA6002D4564 /* Debug */ = {
			isa = XCBuildConfiguration;
			buildSettings = {
				ASSETCATALOG_COMPILER_APPICON_NAME = AppIcon;
				CODE_SIGN_IDENTITY = "iPhone Developer";
				INFOPLIST_FILE = LeanCafeTimer/Info.plist;
				LD_RUNPATH_SEARCH_PATHS = "$(inherited) @executable_path/Frameworks";
				PRODUCT_BUNDLE_IDENTIFIER = tjc.LeanCafeTimer;
				PRODUCT_NAME = "$(TARGET_NAME)";
			};
			name = Debug;
		};
		BAEA73951D0F1DA6002D4564 /* Release */ = {
			isa = XCBuildConfiguration;
			buildSettings = {
				ASSETCATALOG_COMPILER_APPICON_NAME = AppIcon;
				CODE_SIGN_IDENTITY = "iPhone Developer";
				INFOPLIST_FILE = LeanCafeTimer/Info.plist;
				LD_RUNPATH_SEARCH_PATHS = "$(inherited) @executable_path/Frameworks";
				PRODUCT_BUNDLE_IDENTIFIER = tjc.LeanCafeTimer;
				PRODUCT_NAME = "$(TARGET_NAME)";
			};
			name = Release;
		};
		BAEA73971D0F1DA6002D4564 /* Debug */ = {
			isa = XCBuildConfiguration;
			buildSettings = {
				BUNDLE_LOADER = "$(TEST_HOST)";
				INFOPLIST_FILE = LeanCafeTimerTests/Info.plist;
				LD_RUNPATH_SEARCH_PATHS = "$(inherited) @executable_path/Frameworks @loader_path/Frameworks";
				PRODUCT_BUNDLE_IDENTIFIER = tjc.LeanCafeTimerTests;
				PRODUCT_NAME = "$(TARGET_NAME)";
				TEST_HOST = "$(BUILT_PRODUCTS_DIR)/LeanCafeTimer.app/LeanCafeTimer";
			};
			name = Debug;
		};
		BAEA73981D0F1DA6002D4564 /* Release */ = {
			isa = XCBuildConfiguration;
			buildSettings = {
				BUNDLE_LOADER = "$(TEST_HOST)";
				INFOPLIST_FILE = LeanCafeTimerTests/Info.plist;
				LD_RUNPATH_SEARCH_PATHS = "$(inherited) @executable_path/Frameworks @loader_path/Frameworks";
				PRODUCT_BUNDLE_IDENTIFIER = tjc.LeanCafeTimerTests;
				PRODUCT_NAME = "$(TARGET_NAME)";
				TEST_HOST = "$(BUILT_PRODUCTS_DIR)/LeanCafeTimer.app/LeanCafeTimer";
			};
			name = Release;
		};
		BAEA739A1D0F1DA6002D4564 /* Debug */ = {
			isa = XCBuildConfiguration;
			buildSettings = {
				INFOPLIST_FILE = LeanCafeTimerUITests/Info.plist;
				LD_RUNPATH_SEARCH_PATHS = "$(inherited) @executable_path/Frameworks @loader_path/Frameworks";
				PRODUCT_BUNDLE_IDENTIFIER = tjc.LeanCafeTimerUITests;
				PRODUCT_NAME = "$(TARGET_NAME)";
				TEST_TARGET_NAME = LeanCafeTimer;
			};
			name = Debug;
		};
		BAEA739B1D0F1DA6002D4564 /* Release */ = {
			isa = XCBuildConfiguration;
			buildSettings = {
				INFOPLIST_FILE = LeanCafeTimerUITests/Info.plist;
				LD_RUNPATH_SEARCH_PATHS = "$(inherited) @executable_path/Frameworks @loader_path/Frameworks";
				PRODUCT_BUNDLE_IDENTIFIER = tjc.LeanCafeTimerUITests;
				PRODUCT_NAME = "$(TARGET_NAME)";
				TEST_TARGET_NAME = LeanCafeTimer;
			};
			name = Release;
		};
/* End XCBuildConfiguration section */

/* Begin XCConfigurationList section */
		BAEA73661D0F1DA6002D4564 /* Build configuration list for PBXProject "LeanCafeTimer" */ = {
			isa = XCConfigurationList;
			buildConfigurations = (
				BAEA73911D0F1DA6002D4564 /* Debug */,
				BAEA73921D0F1DA6002D4564 /* Release */,
			);
			defaultConfigurationIsVisible = 0;
			defaultConfigurationName = Release;
		};
		BAEA73931D0F1DA6002D4564 /* Build configuration list for PBXNativeTarget "LeanCafeTimer" */ = {
			isa = XCConfigurationList;
			buildConfigurations = (
				BAEA73941D0F1DA6002D4564 /* Debug */,
				BAEA73951D0F1DA6002D4564 /* Release */,
			);
			defaultConfigurationIsVisible = 0;
		};
		BAEA73961D0F1DA6002D4564 /* Build configuration list for PBXNativeTarget "LeanCafeTimerTests" */ = {
			isa = XCConfigurationList;
			buildConfigurations = (
				BAEA73971D0F1DA6002D4564 /* Debug */,
				BAEA73981D0F1DA6002D4564 /* Release */,
			);
			defaultConfigurationIsVisible = 0;
		};
		BAEA73991D0F1DA6002D4564 /* Build configuration list for PBXNativeTarget "LeanCafeTimerUITests" */ = {
			isa = XCConfigurationList;
			buildConfigurations = (
				BAEA739A1D0F1DA6002D4564 /* Debug */,
				BAEA739B1D0F1DA6002D4564 /* Release */,
			);
			defaultConfigurationIsVisible = 0;
		};
/* End XCConfigurationList section */
	};
	rootObject = BAEA73631D0F1DA6002D4564 /* Project object */;
}
